
Microsoft Visual Studio Solution File, Format Version 12.00
# Visual Studio Version 16
VisualStudioVersion = 16.0.31019.35
MinimumVisualStudioVersion = 10.0.40219.1
Project("{FAE04EC0-301F-11D3-BF4B-00C04F79EFBC}") = "Catsgram", "Catsgram\Catsgram.csproj", "{1C9C0F69-9023-4820-B05A-5A7961947089}"
EndProject
Global
	GlobalSection(SolutionConfigurationPlatforms) = preSolution
		Debug|Any CPU = Debug|Any CPU
		Release|Any CPU = Release|Any CPU
	EndGlobalSection
	GlobalSection(ProjectConfigurationPlatforms) = postSolution
		{1C9C0F69-9023-4820-B05A-5A7961947089}.Debug|Any CPU.ActiveCfg = Debug|Any CPU
		{1C9C0F69-9023-4820-B05A-5A7961947089}.Debug|Any CPU.Build.0 = Debug|Any CPU
		{1C9C0F69-9023-4820-B05A-5A7961947089}.Release|Any CPU.ActiveCfg = Release|Any CPU
		{1C9C0F69-9023-4820-B05A-5A7961947089}.Release|Any CPU.Build.0 = Release|Any CPU
	EndGlobalSection
	GlobalSection(SolutionProperties) = preSolution
		HideSolutionNode = FALSE
	EndGlobalSection
	GlobalSection(ExtensibilityGlobals) = postSolution
		SolutionGuid = {0D128A08-A510-45F0-BCEE-124B3A22C056}
	EndGlobalSection
EndGlobal
